
Microsoft Visual Studio Solution File, Format Version 12.00
# Visual Studio Version 16
VisualStudioVersion = 16.0.29209.62
MinimumVisualStudioVersion = 10.0.40219.1
Project("{FAE04EC0-301F-11D3-BF4B-00C04F79EFBC}") = "Android", "src\Android\Android.csproj", "{172657A7-8CA2-4792-ABA3-82C812D2C8D8}"
EndProject
Project("{FAE04EC0-301F-11D3-BF4B-00C04F79EFBC}") = "iOS", "src\iOS\iOS.csproj", "{399726D3-F6E0-4E89-A1B6-AD5C00709AC8}"
EndProject
Project("{9A19103F-16F7-4668-BE54-9A1E7A4F7556}") = "LoginState", "src\LoginState\LoginState.csproj", "{63A2FA7B-FDFF-49C2-88EA-02557FBC063D}"
EndProject
Project("{2150E333-8FDC-42A3-9474-1A3956D46DE8}") = ".solution", ".solution", "{4EAFAFC7-2440-4690-A349-A44CE2C01B13}"
ProjectSection(SolutionItems) = preProject
	global.json = global.json
	README.md = README.md
EndProjectSection
EndProject
Global
	GlobalSection(SolutionConfigurationPlatforms) = preSolution
		Debug|Any CPU = Debug|Any CPU
		Debug|iPhone = Debug|iPhone
		Debug|iPhoneSimulator = Debug|iPhoneSimulator
		Release|Any CPU = Release|Any CPU
		Release|iPhone = Release|iPhone
		Release|iPhoneSimulator = Release|iPhoneSimulator
	EndGlobalSection
	GlobalSection(ProjectConfigurationPlatforms) = postSolution
		{172657A7-8CA2-4792-ABA3-82C812D2C8D8}.Debug|Any CPU.ActiveCfg = Debug|Any CPU
		{172657A7-8CA2-4792-ABA3-82C812D2C8D8}.Debug|Any CPU.Build.0 = Debug|Any CPU
		{172657A7-8CA2-4792-ABA3-82C812D2C8D8}.Debug|Any CPU.Deploy.0 = Debug|Any CPU
		{172657A7-8CA2-4792-ABA3-82C812D2C8D8}.Debug|iPhone.ActiveCfg = Debug|Any CPU
		{172657A7-8CA2-4792-ABA3-82C812D2C8D8}.Debug|iPhone.Build.0 = Debug|Any CPU
		{172657A7-8CA2-4792-ABA3-82C812D2C8D8}.Debug|iPhone.Deploy.0 = Debug|Any CPU
		{172657A7-8CA2-4792-ABA3-82C812D2C8D8}.Debug|iPhoneSimulator.ActiveCfg = Debug|Any CPU
		{172657A7-8CA2-4792-ABA3-82C812D2C8D8}.Debug|iPhoneSimulator.Build.0 = Debug|Any CPU
		{172657A7-8CA2-4792-ABA3-82C812D2C8D8}.Debug|iPhoneSimulator.Deploy.0 = Debug|Any CPU
		{172657A7-8CA2-4792-ABA3-82C812D2C8D8}.Release|Any CPU.ActiveCfg = Release|Any CPU
		{172657A7-8CA2-4792-ABA3-82C812D2C8D8}.Release|Any CPU.Build.0 = Release|Any CPU
		{172657A7-8CA2-4792-ABA3-82C812D2C8D8}.Release|Any CPU.Deploy.0 = Release|Any CPU
		{172657A7-8CA2-4792-ABA3-82C812D2C8D8}.Release|iPhone.ActiveCfg = Release|Any CPU
		{172657A7-8CA2-4792-ABA3-82C812D2C8D8}.Release|iPhone.Build.0 = Release|Any CPU
		{172657A7-8CA2-4792-ABA3-82C812D2C8D8}.Release|iPhone.Deploy.0 = Release|Any CPU
		{172657A7-8CA2-4792-ABA3-82C812D2C8D8}.Release|iPhoneSimulator.ActiveCfg = Release|Any CPU
		{172657A7-8CA2-4792-ABA3-82C812D2C8D8}.Release|iPhoneSimulator.Build.0 = Release|Any CPU
		{172657A7-8CA2-4792-ABA3-82C812D2C8D8}.Release|iPhoneSimulator.Deploy.0 = Release|Any CPU
		{399726D3-F6E0-4E89-A1B6-AD5C00709AC8}.Debug|Any CPU.ActiveCfg = Debug|iPhoneSimulator
		{399726D3-F6E0-4E89-A1B6-AD5C00709AC8}.Debug|Any CPU.Build.0 = Debug|iPhoneSimulator
		{399726D3-F6E0-4E89-A1B6-AD5C00709AC8}.Debug|Any CPU.Deploy.0 = Debug|iPhoneSimulator
		{399726D3-F6E0-4E89-A1B6-AD5C00709AC8}.Debug|iPhone.ActiveCfg = Debug|iPhone
		{399726D3-F6E0-4E89-A1B6-AD5C00709AC8}.Debug|iPhone.Build.0 = Debug|iPhone
		{399726D3-F6E0-4E89-A1B6-AD5C00709AC8}.Debug|iPhone.Deploy.0 = Debug|iPhone
		{399726D3-F6E0-4E89-A1B6-AD5C00709AC8}.Debug|iPhoneSimulator.ActiveCfg = Debug|iPhoneSimulator
		{399726D3-F6E0-4E89-A1B6-AD5C00709AC8}.Debug|iPhoneSimulator.Build.0 = Debug|iPhoneSimulator
		{399726D3-F6E0-4E89-A1B6-AD5C00709AC8}.Debug|iPhoneSimulator.Deploy.0 = Debug|iPhoneSimulator
		{399726D3-F6E0-4E89-A1B6-AD5C00709AC8}.Release|Any CPU.ActiveCfg = Release|iPhone
		{399726D3-F6E0-4E89-A1B6-AD5C00709AC8}.Release|Any CPU.Build.0 = Release|iPhone
		{399726D3-F6E0-4E89-A1B6-AD5C00709AC8}.Release|Any CPU.Deploy.0 = Release|iPhone
		{399726D3-F6E0-4E89-A1B6-AD5C00709AC8}.Release|iPhone.ActiveCfg = Release|iPhone
		{399726D3-F6E0-4E89-A1B6-AD5C00709AC8}.Release|iPhone.Build.0 = Release|iPhone
		{399726D3-F6E0-4E89-A1B6-AD5C00709AC8}.Release|iPhone.Deploy.0 = Release|iPhone
		{399726D3-F6E0-4E89-A1B6-AD5C00709AC8}.Release|iPhoneSimulator.ActiveCfg = Release|iPhoneSimulator
		{399726D3-F6E0-4E89-A1B6-AD5C00709AC8}.Release|iPhoneSimulator.Build.0 = Release|iPhoneSimulator
		{399726D3-F6E0-4E89-A1B6-AD5C00709AC8}.Release|iPhoneSimulator.Deploy.0 = Release|iPhoneSimulator
		{63A2FA7B-FDFF-49C2-88EA-02557FBC063D}.Debug|Any CPU.ActiveCfg = Debug|Any CPU
		{63A2FA7B-FDFF-49C2-88EA-02557FBC063D}.Debug|Any CPU.Build.0 = Debug|Any CPU
		{63A2FA7B-FDFF-49C2-88EA-02557FBC063D}.Debug|Any CPU.Deploy.0 = Debug|Any CPU
		{63A2FA7B-FDFF-49C2-88EA-02557FBC063D}.Debug|iPhone.ActiveCfg = Debug|Any CPU
		{63A2FA7B-FDFF-49C2-88EA-02557FBC063D}.Debug|iPhone.Build.0 = Debug|Any CPU
		{63A2FA7B-FDFF-49C2-88EA-02557FBC063D}.Debug|iPhone.Deploy.0 = Debug|Any CPU
		{63A2FA7B-FDFF-49C2-88EA-02557FBC063D}.Debug|iPhoneSimulator.ActiveCfg = Debug|Any CPU
		{63A2FA7B-FDFF-49C2-88EA-02557FBC063D}.Debug|iPhoneSimulator.Build.0 = Debug|Any CPU
		{63A2FA7B-FDFF-49C2-88EA-02557FBC063D}.Debug|iPhoneSimulator.Deploy.0 = Debug|Any CPU
		{63A2FA7B-FDFF-49C2-88EA-02557FBC063D}.Release|Any CPU.ActiveCfg = Release|Any CPU
		{63A2FA7B-FDFF-49C2-88EA-02557FBC063D}.Release|Any CPU.Build.0 = Release|Any CPU
		{63A2FA7B-FDFF-49C2-88EA-02557FBC063D}.Release|Any CPU.Deploy.0 = Release|Any CPU
		{63A2FA7B-FDFF-49C2-88EA-02557FBC063D}.Release|iPhone.ActiveCfg = Release|Any CPU
		{63A2FA7B-FDFF-49C2-88EA-02557FBC063D}.Release|iPhone.Build.0 = Release|Any CPU
		{63A2FA7B-FDFF-49C2-88EA-02557FBC063D}.Release|iPhone.Deploy.0 = Release|Any CPU
		{63A2FA7B-FDFF-49C2-88EA-02557FBC063D}.Release|iPhoneSimulator.ActiveCfg = Release|Any CPU
		{63A2FA7B-FDFF-49C2-88EA-02557FBC063D}.Release|iPhoneSimulator.Build.0 = Release|Any CPU
		{63A2FA7B-FDFF-49C2-88EA-02557FBC063D}.Release|iPhoneSimulator.Deploy.0 = Release|Any CPU
	EndGlobalSection
	GlobalSection(SolutionProperties) = preSolution
		HideSolutionNode = FALSE
	EndGlobalSection
	GlobalSection(ExtensibilityGlobals) = postSolution
		SolutionGuid = {2B5F7F6E-83AE-4839-95D5-160FF92C52B6}
	EndGlobalSection
EndGlobal
